
Microsoft Visual Studio Solution File, Format Version 12.00
# Visual Studio Version 17
VisualStudioVersion = 17.13.35825.156 d17.13
MinimumVisualStudioVersion = 10.0.40219.1
Project("{FAE04EC0-301F-11D3-BF4B-00C04F79EFBC}") = "API.csv", "API.csv\API.csv.csproj", "{C4E3A650-640F-4472-A11E-BF7AFEACE539}"
EndProject
Global
	GlobalSection(SolutionConfigurationPlatforms) = preSolution
		Debug|Any CPU = Debug|Any CPU
		Release|Any CPU = Release|Any CPU
	EndGlobalSection
	GlobalSection(ProjectConfigurationPlatforms) = postSolution
		{C4E3A650-640F-4472-A11E-BF7AFEACE539}.Debug|Any CPU.ActiveCfg = Debug|Any CPU
		{C4E3A650-640F-4472-A11E-BF7AFEACE539}.Debug|Any CPU.Build.0 = Debug|Any CPU
		{C4E3A650-640F-4472-A11E-BF7AFEACE539}.Release|Any CPU.ActiveCfg = Release|Any CPU
		{C4E3A650-640F-4472-A11E-BF7AFEACE539}.Release|Any CPU.Build.0 = Release|Any CPU
	EndGlobalSection
	GlobalSection(SolutionProperties) = preSolution
		HideSolutionNode = FALSE
	EndGlobalSection
	GlobalSection(ExtensibilityGlobals) = postSolution
		SolutionGuid = {F8166D4B-624F-4091-A6EF-EE61B6833935}
	EndGlobalSection
EndGlobal
